
Microsoft Visual Studio Solution File, Format Version 12.00
# Visual Studio Version 16
VisualStudioVersion = 16.0.30804.86
MinimumVisualStudioVersion = 10.0.40219.1
Project("{9A19103F-16F7-4668-BE54-9A1E7A4F7556}") = "Sims", "Sims\Sims.csproj", "{1F755C2C-32B7-4C8C-A676-DA5633E02BB6}"
EndProject
Global
	GlobalSection(SolutionConfigurationPlatforms) = preSolution
		Debug|Any CPU = Debug|Any CPU
		Release|Any CPU = Release|Any CPU
	EndGlobalSection
	GlobalSection(ProjectConfigurationPlatforms) = postSolution
		{1F755C2C-32B7-4C8C-A676-DA5633E02BB6}.Debug|Any CPU.ActiveCfg = Debug|Any CPU
		{1F755C2C-32B7-4C8C-A676-DA5633E02BB6}.Debug|Any CPU.Build.0 = Debug|Any CPU
		{1F755C2C-32B7-4C8C-A676-DA5633E02BB6}.Release|Any CPU.ActiveCfg = Release|Any CPU
		{1F755C2C-32B7-4C8C-A676-DA5633E02BB6}.Release|Any CPU.Build.0 = Release|Any CPU
	EndGlobalSection
	GlobalSection(SolutionProperties) = preSolution
		HideSolutionNode = FALSE
	EndGlobalSection
	GlobalSection(ExtensibilityGlobals) = postSolution
		SolutionGuid = {A3B088B2-A11F-422A-868A-1EC1B2BD8389}
	EndGlobalSection
EndGlobal
